
Microsoft Visual Studio Solution File, Format Version 12.00
# Visual Studio Version 17
VisualStudioVersion = 17.5.33530.505
MinimumVisualStudioVersion = 10.0.40219.1
Project("{FAE04EC0-301F-11D3-BF4B-00C04F79EFBC}") = "TEMA_4_DZ_8_2", "TEMA_4_DZ_8_2\TEMA_4_DZ_8_2.csproj", "{2B74C52B-6D37-431B-A5EA-CDDDFF2584DB}"
EndProject
Global
	GlobalSection(SolutionConfigurationPlatforms) = preSolution
		Debug|Any CPU = Debug|Any CPU
		Release|Any CPU = Release|Any CPU
	EndGlobalSection
	GlobalSection(ProjectConfigurationPlatforms) = postSolution
		{2B74C52B-6D37-431B-A5EA-CDDDFF2584DB}.Debug|Any CPU.ActiveCfg = Debug|Any CPU
		{2B74C52B-6D37-431B-A5EA-CDDDFF2584DB}.Debug|Any CPU.Build.0 = Debug|Any CPU
		{2B74C52B-6D37-431B-A5EA-CDDDFF2584DB}.Release|Any CPU.ActiveCfg = Release|Any CPU
		{2B74C52B-6D37-431B-A5EA-CDDDFF2584DB}.Release|Any CPU.Build.0 = Release|Any CPU
	EndGlobalSection
	GlobalSection(SolutionProperties) = preSolution
		HideSolutionNode = FALSE
	EndGlobalSection
	GlobalSection(ExtensibilityGlobals) = postSolution
		SolutionGuid = {A186EFEB-2195-44E0-84CB-3547BC83015D}
	EndGlobalSection
EndGlobal
